
Microsoft Visual Studio Solution File, Format Version 12.00
# Visual Studio Version 18
VisualStudioVersion = 18.1.11312.151 d18.0
MinimumVisualStudioVersion = 15.0.26124.0
Project("{FAE04EC0-301F-11D3-BF4B-00C04F79EFBC}") = "Teraflop", "Teraflop\Teraflop.csproj", "{788256FD-C56C-40C0-85C9-DD2F61E22130}"
EndProject
Project("{2150E333-8FDC-42A3-9474-1A3956D46DE8}") = "examples", "examples", "{660034F2-71E2-4C4D-985F-98365B43939E}"
EndProject
Project("{FAE04EC0-301F-11D3-BF4B-00C04F79EFBC}") = "triangle", "examples\triangle\triangle.csproj", "{B0210747-F6D5-4CB0-B20F-5EDF5BB88926}"
EndProject
Project("{FAE04EC0-301F-11D3-BF4B-00C04F79EFBC}") = "example", "examples\example\example.csproj", "{4ED01FD3-B837-4B48-93D9-1DD73FC6560A}"
EndProject
Project("{FAE04EC0-301F-11D3-BF4B-00C04F79EFBC}") = "cube", "examples\cube\cube.csproj", "{C9981C74-A7C2-6184-3073-9CBEF2CBC1CF}"
EndProject
Project("{2150E333-8FDC-42A3-9474-1A3956D46DE8}") = "Solution Items", "Solution Items", "{F6787E8F-3593-441D-9565-2BE96B95CEF4}"
	ProjectSection(SolutionItems) = preProject
		.editorconfig = .editorconfig
	EndProjectSection
EndProject
Global
	GlobalSection(SolutionConfigurationPlatforms) = preSolution
		Debug|Any CPU = Debug|Any CPU
		Debug|x64 = Debug|x64
		Debug|x86 = Debug|x86
		Release|Any CPU = Release|Any CPU
		Release|x64 = Release|x64
		Release|x86 = Release|x86
	EndGlobalSection
	GlobalSection(ProjectConfigurationPlatforms) = postSolution
		{788256FD-C56C-40C0-85C9-DD2F61E22130}.Debug|Any CPU.ActiveCfg = Debug|Any CPU
		{788256FD-C56C-40C0-85C9-DD2F61E22130}.Debug|Any CPU.Build.0 = Debug|Any CPU
		{788256FD-C56C-40C0-85C9-DD2F61E22130}.Debug|x64.ActiveCfg = Debug|Any CPU
		{788256FD-C56C-40C0-85C9-DD2F61E22130}.Debug|x64.Build.0 = Debug|Any CPU
		{788256FD-C56C-40C0-85C9-DD2F61E22130}.Debug|x86.ActiveCfg = Debug|Any CPU
		{788256FD-C56C-40C0-85C9-DD2F61E22130}.Debug|x86.Build.0 = Debug|Any CPU
		{788256FD-C56C-40C0-85C9-DD2F61E22130}.Release|Any CPU.ActiveCfg = Release|Any CPU
		{788256FD-C56C-40C0-85C9-DD2F61E22130}.Release|Any CPU.Build.0 = Release|Any CPU
		{788256FD-C56C-40C0-85C9-DD2F61E22130}.Release|x64.ActiveCfg = Release|Any CPU
		{788256FD-C56C-40C0-85C9-DD2F61E22130}.Release|x64.Build.0 = Release|Any CPU
		{788256FD-C56C-40C0-85C9-DD2F61E22130}.Release|x86.ActiveCfg = Release|Any CPU
		{788256FD-C56C-40C0-85C9-DD2F61E22130}.Release|x86.Build.0 = Release|Any CPU
		{B0210747-F6D5-4CB0-B20F-5EDF5BB88926}.Debug|Any CPU.ActiveCfg = Debug|Any CPU
		{B0210747-F6D5-4CB0-B20F-5EDF5BB88926}.Debug|Any CPU.Build.0 = Debug|Any CPU
		{B0210747-F6D5-4CB0-B20F-5EDF5BB88926}.Debug|x64.ActiveCfg = Debug|Any CPU
		{B0210747-F6D5-4CB0-B20F-5EDF5BB88926}.Debug|x64.Build.0 = Debug|Any CPU
		{B0210747-F6D5-4CB0-B20F-5EDF5BB88926}.Debug|x86.ActiveCfg = Debug|Any CPU
		{B0210747-F6D5-4CB0-B20F-5EDF5BB88926}.Debug|x86.Build.0 = Debug|Any CPU
		{B0210747-F6D5-4CB0-B20F-5EDF5BB88926}.Release|Any CPU.ActiveCfg = Release|Any CPU
		{B0210747-F6D5-4CB0-B20F-5EDF5BB88926}.Release|Any CPU.Build.0 = Release|Any CPU
		{B0210747-F6D5-4CB0-B20F-5EDF5BB88926}.Release|x64.ActiveCfg = Release|Any CPU
		{B0210747-F6D5-4CB0-B20F-5EDF5BB88926}.Release|x64.Build.0 = Release|Any CPU
		{B0210747-F6D5-4CB0-B20F-5EDF5BB88926}.Release|x86.ActiveCfg = Release|Any CPU
		{B0210747-F6D5-4CB0-B20F-5EDF5BB88926}.Release|x86.Build.0 = Release|Any CPU
		{4ED01FD3-B837-4B48-93D9-1DD73FC6560A}.Debug|Any CPU.ActiveCfg = Debug|Any CPU
		{4ED01FD3-B837-4B48-93D9-1DD73FC6560A}.Debug|Any CPU.Build.0 = Debug|Any CPU
		{4ED01FD3-B837-4B48-93D9-1DD73FC6560A}.Debug|x64.ActiveCfg = Debug|Any CPU
		{4ED01FD3-B837-4B48-93D9-1DD73FC6560A}.Debug|x64.Build.0 = Debug|Any CPU
		{4ED01FD3-B837-4B48-93D9-1DD73FC6560A}.Debug|x86.ActiveCfg = Debug|Any CPU
		{4ED01FD3-B837-4B48-93D9-1DD73FC6560A}.Debug|x86.Build.0 = Debug|Any CPU
		{4ED01FD3-B837-4B48-93D9-1DD73FC6560A}.Release|Any CPU.ActiveCfg = Release|Any CPU
		{4ED01FD3-B837-4B48-93D9-1DD73FC6560A}.Release|Any CPU.Build.0 = Release|Any CPU
		{4ED01FD3-B837-4B48-93D9-1DD73FC6560A}.Release|x64.ActiveCfg = Release|Any CPU
		{4ED01FD3-B837-4B48-93D9-1DD73FC6560A}.Release|x64.Build.0 = Release|Any CPU
		{4ED01FD3-B837-4B48-93D9-1DD73FC6560A}.Release|x86.ActiveCfg = Release|Any CPU
		{4ED01FD3-B837-4B48-93D9-1DD73FC6560A}.Release|x86.Build.0 = Release|Any CPU
		{C9981C74-A7C2-6184-3073-9CBEF2CBC1CF}.Debug|Any CPU.ActiveCfg = Debug|Any CPU
		{C9981C74-A7C2-6184-3073-9CBEF2CBC1CF}.Debug|Any CPU.Build.0 = Debug|Any CPU
		{C9981C74-A7C2-6184-3073-9CBEF2CBC1CF}.Debug|x64.ActiveCfg = Debug|Any CPU
		{C9981C74-A7C2-6184-3073-9CBEF2CBC1CF}.Debug|x64.Build.0 = Debug|Any CPU
		{C9981C74-A7C2-6184-3073-9CBEF2CBC1CF}.Debug|x86.ActiveCfg = Debug|Any CPU
		{C9981C74-A7C2-6184-3073-9CBEF2CBC1CF}.Debug|x86.Build.0 = Debug|Any CPU
		{C9981C74-A7C2-6184-3073-9CBEF2CBC1CF}.Release|Any CPU.ActiveCfg = Release|Any CPU
		{C9981C74-A7C2-6184-3073-9CBEF2CBC1CF}.Release|Any CPU.Build.0 = Release|Any CPU
		{C9981C74-A7C2-6184-3073-9CBEF2CBC1CF}.Release|x64.ActiveCfg = Release|Any CPU
		{C9981C74-A7C2-6184-3073-9CBEF2CBC1CF}.Release|x64.Build.0 = Release|Any CPU
		{C9981C74-A7C2-6184-3073-9CBEF2CBC1CF}.Release|x86.ActiveCfg = Release|Any CPU
		{C9981C74-A7C2-6184-3073-9CBEF2CBC1CF}.Release|x86.Build.0 = Release|Any CPU
	EndGlobalSection
	GlobalSection(SolutionProperties) = preSolution
		HideSolutionNode = FALSE
	EndGlobalSection
	GlobalSection(NestedProjects) = preSolution
		{B0210747-F6D5-4CB0-B20F-5EDF5BB88926} = {660034F2-71E2-4C4D-985F-98365B43939E}
		{4ED01FD3-B837-4B48-93D9-1DD73FC6560A} = {660034F2-71E2-4C4D-985F-98365B43939E}
		{C9981C74-A7C2-6184-3073-9CBEF2CBC1CF} = {660034F2-71E2-4C4D-985F-98365B43939E}
	EndGlobalSection
	GlobalSection(ExtensibilityGlobals) = postSolution
		SolutionGuid = {D53EEB32-E9D0-4F82-9EB9-9702A52FDEDF}
	EndGlobalSection
EndGlobal
